{
  "requires": true,
  "lockfileVersion": 1,
  "dependencies": {
    "@ng-bootstrap/ng-bootstrap": {
      "version": "9.1.1",
      "resolved": "https://registry.npmjs.org/@ng-bootstrap/ng-bootstrap/-/ng-bootstrap-9.1.1.tgz",
      "integrity": "sha512-m31qKJylYueXm+a3YEoOfnrJYR1lovb7WgaQwvXQz3dDmtaYRX4n8aPeCMp1VrI7hFfFITKWo0GxPaI3JIFk4w==",
      "requires": {
        "tslib": "^2.0.0"
      }
    },
    "bootstrap": {
      "version": "5.0.1",
      "resolved": "https://registry.npmjs.org/bootstrap/-/bootstrap-5.0.1.tgz",
      "integrity": "sha512-Fl79+wsLOZKoiU345KeEaWD0ik8WKRI5zm0YSPj2oF1Qr+BO7z0fco6GbUtqjoG1h4VI89PeKJnMsMMVQdKKTw=="
    },
    "ngb-modal": {
      "version": "2.0.3",
      "resolved": "https://registry.npmjs.org/ngb-modal/-/ngb-modal-2.0.3.tgz",
      "integrity": "sha512-/EFdvLEPwnzvW9wR34AOtbPs3NC5Tjmo0Sx/UHqEpGJNfSJ4z6dUN+H4OuW9m51JtCYdjCXkbeQQo6nCYhA3CA==",
      "requires": {
        "tslib": "^1.9.0"
      },
      "dependencies": {
        "tslib": {
          "version": "1.14.1",
          "resolved": "https://registry.npmjs.org/tslib/-/tslib-1.14.1.tgz",
          "integrity": "sha512-Xni35NKzjgMrwevysHTCArtLDpPvye8zV/0E4EyYn43P7/7qvQwPh9BGkHewbMulVntbigmcT7rdX3BNo9wRJg=="
        }
      }
    },
    "tslib": {
      "version": "2.2.0",
      "resolved": "https://registry.npmjs.org/tslib/-/tslib-2.2.0.tgz",
      "integrity": "sha512-gS9GVHRU+RGn5KQM2rllAlR3dU6m7AcpJKdtH8gFvQiC4Otgk98XnmMU+nZenHt/+VhnBPWwgrJsyrdcw6i23w=="
    }
  }
}
